
Microsoft Visual Studio Solution File, Format Version 12.00
# Visual Studio Version 16
VisualStudioVersion = 16.0.30320.27
MinimumVisualStudioVersion = 10.0.40219.1
Project("{FAE04EC0-301F-11D3-BF4B-00C04F79EFBC}") = "StreamCounter", "TwitchCounter\StreamCounter.csproj", "{71705897-93FE-4317-B2DD-98051BA31F77}"
EndProject
Global
	GlobalSection(SolutionConfigurationPlatforms) = preSolution
		Debug|Any CPU = Debug|Any CPU
		Release|Any CPU = Release|Any CPU
	EndGlobalSection
	GlobalSection(ProjectConfigurationPlatforms) = postSolution
		{71705897-93FE-4317-B2DD-98051BA31F77}.Debug|Any CPU.ActiveCfg = Debug|Any CPU
		{71705897-93FE-4317-B2DD-98051BA31F77}.Debug|Any CPU.Build.0 = Debug|Any CPU
		{71705897-93FE-4317-B2DD-98051BA31F77}.Release|Any CPU.ActiveCfg = Release|Any CPU
		{71705897-93FE-4317-B2DD-98051BA31F77}.Release|Any CPU.Build.0 = Release|Any CPU
	EndGlobalSection
	GlobalSection(SolutionProperties) = preSolution
		HideSolutionNode = FALSE
	EndGlobalSection
	GlobalSection(ExtensibilityGlobals) = postSolution
		SolutionGuid = {AD6AE5F2-C465-40E2-8E65-33B5FA111C38}
	EndGlobalSection
EndGlobal
